
Microsoft Visual Studio Solution File, Format Version 12.00
# Visual Studio Version 16
VisualStudioVersion = 16.0.31515.178
MinimumVisualStudioVersion = 10.0.40219.1
Project("{FAE04EC0-301F-11D3-BF4B-00C04F79EFBC}") = "2106061686_KadirKağanYüksel", "2106061686_KadirKağanYüksel\2106061686_KadirKağanYüksel.csproj", "{A868781A-75E1-48B9-8BC4-142CDF3035D7}"
EndProject
Global
	GlobalSection(SolutionConfigurationPlatforms) = preSolution
		Debug|Any CPU = Debug|Any CPU
		Release|Any CPU = Release|Any CPU
	EndGlobalSection
	GlobalSection(ProjectConfigurationPlatforms) = postSolution
		{A868781A-75E1-48B9-8BC4-142CDF3035D7}.Debug|Any CPU.ActiveCfg = Debug|Any CPU
		{A868781A-75E1-48B9-8BC4-142CDF3035D7}.Debug|Any CPU.Build.0 = Debug|Any CPU
		{A868781A-75E1-48B9-8BC4-142CDF3035D7}.Release|Any CPU.ActiveCfg = Release|Any CPU
		{A868781A-75E1-48B9-8BC4-142CDF3035D7}.Release|Any CPU.Build.0 = Release|Any CPU
	EndGlobalSection
	GlobalSection(SolutionProperties) = preSolution
		HideSolutionNode = FALSE
	EndGlobalSection
	GlobalSection(ExtensibilityGlobals) = postSolution
		SolutionGuid = {23307D9A-62A7-4048-A370-6DCEEA992615}
	EndGlobalSection
EndGlobal
